github.com/ethereum/go-ethereum v1.14.12 h1:8hl57x77HSUo+cXExrURjU/w1VhL+ShCTJrTwcCQSe4=
github.com/ethereum/go-ethereum v1.14.12/go.mod h1:RAC2gVMWJ6FkxSPESfbshrcKpIokgQKsVKmAuqdekDY=
github.com/mazznoer/colorgrad v0.10.0 h1:p2ImJimPGEUFhMrNx4EGSzkr2XARomIo1yyUgso3NDQ=
github.com/mazznoer/colorgrad v0.10.0/go.mod h1:1dkoC2jE1oMVr11umiBHfyHV/W+E+By2WJaPKJJ6Nkk=
github.com/mazznoer/csscolorparser v0.1.5 h1:Wr4uNIE+pHWN3TqZn2SGpA2nLRG064gB7WdSfSS5cz4=
github.com/mazznoer/csscolorparser v0.1.5/go.mod h1:OQRVvgCyHDCAquR1YWfSwwaDcM0LhnSffGnlbOew/3I=
github.com/sam-rba/workpool v0.0.0-20241204190741-65baa863b7ff h1:KNgjN1ZGvPkWXXziiTI6LcR22dxJfFs3H3+qOk8YIVU=
github.com/sam-rba/workpool v0.0.0-20241204190741-65baa863b7ff/go.mod h1:iB/SQU2RFe2zcdab2LNh6rp/6Wj62vArhy3TGIEfAlQ=
golang.org/x/sync v0.10.0 h1:3NQrjDixjgGwUOCaF8w2+VYHv0Ve/vGYSbdkTa98gmQ=
golang.org/x/sync v0.10.0/go.mod h1:Czt+wKu1gCyEFDUtn0jG5QVvpJ6rzVqr5aXyt9drQfk=
